
Microsoft Visual Studio Solution File, Format Version 12.00
# Visual Studio Version 16
VisualStudioVersion = 16.0.31205.134
MinimumVisualStudioVersion = 10.0.40219.1
Project("{2150E333-8FDC-42A3-9474-1A3956D46DE8}") = "PL", "PL", "{7E103904-1B81-4B02-866A-5F8FB9998FAE}"
EndProject
Project("{2150E333-8FDC-42A3-9474-1A3956D46DE8}") = "BLL", "BLL", "{F3C46152-CC5A-4159-B7F7-78F6B91D38AE}"
EndProject
Project("{2150E333-8FDC-42A3-9474-1A3956D46DE8}") = "DAL", "DAL", "{AE656AC3-E11F-45CC-A256-982EBAFA2178}"
EndProject
Project("{2150E333-8FDC-42A3-9474-1A3956D46DE8}") = "Common", "Common", "{E91852A4-61CB-43A8-864D-19BD5B254965}"
EndProject
Project("{FAE04EC0-301F-11D3-BF4B-00C04F79EFBC}") = "BLL", "..\BLL\BLL\BLL.csproj", "{CD7F991F-9C81-45A7-A2BB-91F006008DC4}"
EndProject
Project("{FAE04EC0-301F-11D3-BF4B-00C04F79EFBC}") = "BLLInterfaces", "..\BLL\BLLInterfaces\BLLInterfaces.csproj", "{C764282F-BB4B-4C7C-86BB-ADAFA7943820}"
EndProject
Project("{FAE04EC0-301F-11D3-BF4B-00C04F79EFBC}") = "Common.MyFile", "..\Common\Common.MyFile\Common.MyFile.csproj", "{C96ACD16-EFDA-4EF8-A6F0-E773AC8BC1FD}"
EndProject
Project("{FAE04EC0-301F-11D3-BF4B-00C04F79EFBC}") = "Common.User", "..\Common\Common.User\Common.User.csproj", "{1C3F6849-69AF-4E88-A553-EF48EE274CFB}"
EndProject
Project("{FAE04EC0-301F-11D3-BF4B-00C04F79EFBC}") = "Common.UserRole", "..\Common\Common.UserRole\Common.UserRole.csproj", "{7B61A500-C23F-42A3-81A3-630240C3FB39}"
EndProject
Project("{FAE04EC0-301F-11D3-BF4B-00C04F79EFBC}") = "Dependencies", "..\Common\Dependencies\Dependencies.csproj", "{40640251-7DCB-440B-8AF5-3FF8323AEFC1}"
EndProject
Project("{FAE04EC0-301F-11D3-BF4B-00C04F79EFBC}") = "DALInterfaces", "..\DAL\DALInterfaces\DALInterfaces.csproj", "{1F9DDDBA-5E00-4485-9F20-C3887FE9DFB3}"
EndProject
Project("{FAE04EC0-301F-11D3-BF4B-00C04F79EFBC}") = "SQLDAL", "..\DAL\SQLDAL\SQLDAL.csproj", "{55FE78A1-33E8-4437-B468-F0B59CC59491}"
EndProject
Project("{FAE04EC0-301F-11D3-BF4B-00C04F79EFBC}") = "PLWinForms", "..\PL\PLWinForms\PLWinForms.csproj", "{F847D20D-ACB3-48E1-BB56-7B02F96C877B}"
EndProject
Global
	GlobalSection(SolutionConfigurationPlatforms) = preSolution
		Debug|Any CPU = Debug|Any CPU
		Release|Any CPU = Release|Any CPU
	EndGlobalSection
	GlobalSection(ProjectConfigurationPlatforms) = postSolution
		{CD7F991F-9C81-45A7-A2BB-91F006008DC4}.Debug|Any CPU.ActiveCfg = Debug|Any CPU
		{CD7F991F-9C81-45A7-A2BB-91F006008DC4}.Debug|Any CPU.Build.0 = Debug|Any CPU
		{CD7F991F-9C81-45A7-A2BB-91F006008DC4}.Release|Any CPU.ActiveCfg = Release|Any CPU
		{CD7F991F-9C81-45A7-A2BB-91F006008DC4}.Release|Any CPU.Build.0 = Release|Any CPU
		{C764282F-BB4B-4C7C-86BB-ADAFA7943820}.Debug|Any CPU.ActiveCfg = Debug|Any CPU
		{C764282F-BB4B-4C7C-86BB-ADAFA7943820}.Debug|Any CPU.Build.0 = Debug|Any CPU
		{C764282F-BB4B-4C7C-86BB-ADAFA7943820}.Release|Any CPU.ActiveCfg = Release|Any CPU
		{C764282F-BB4B-4C7C-86BB-ADAFA7943820}.Release|Any CPU.Build.0 = Release|Any CPU
		{C96ACD16-EFDA-4EF8-A6F0-E773AC8BC1FD}.Debug|Any CPU.ActiveCfg = Debug|Any CPU
		{C96ACD16-EFDA-4EF8-A6F0-E773AC8BC1FD}.Debug|Any CPU.Build.0 = Debug|Any CPU
		{C96ACD16-EFDA-4EF8-A6F0-E773AC8BC1FD}.Release|Any CPU.ActiveCfg = Release|Any CPU
		{C96ACD16-EFDA-4EF8-A6F0-E773AC8BC1FD}.Release|Any CPU.Build.0 = Release|Any CPU
		{1C3F6849-69AF-4E88-A553-EF48EE274CFB}.Debug|Any CPU.ActiveCfg = Debug|Any CPU
		{1C3F6849-69AF-4E88-A553-EF48EE274CFB}.Debug|Any CPU.Build.0 = Debug|Any CPU
		{1C3F6849-69AF-4E88-A553-EF48EE274CFB}.Release|Any CPU.ActiveCfg = Release|Any CPU
		{1C3F6849-69AF-4E88-A553-EF48EE274CFB}.Release|Any CPU.Build.0 = Release|Any CPU
		{7B61A500-C23F-42A3-81A3-630240C3FB39}.Debug|Any CPU.ActiveCfg = Debug|Any CPU
		{7B61A500-C23F-42A3-81A3-630240C3FB39}.Debug|Any CPU.Build.0 = Debug|Any CPU
		{7B61A500-C23F-42A3-81A3-630240C3FB39}.Release|Any CPU.ActiveCfg = Release|Any CPU
		{7B61A500-C23F-42A3-81A3-630240C3FB39}.Release|Any CPU.Build.0 = Release|Any CPU
		{40640251-7DCB-440B-8AF5-3FF8323AEFC1}.Debug|Any CPU.ActiveCfg = Debug|Any CPU
		{40640251-7DCB-440B-8AF5-3FF8323AEFC1}.Debug|Any CPU.Build.0 = Debug|Any CPU
		{40640251-7DCB-440B-8AF5-3FF8323AEFC1}.Release|Any CPU.ActiveCfg = Release|Any CPU
		{40640251-7DCB-440B-8AF5-3FF8323AEFC1}.Release|Any CPU.Build.0 = Release|Any CPU
		{1F9DDDBA-5E00-4485-9F20-C3887FE9DFB3}.Debug|Any CPU.ActiveCfg = Debug|Any CPU
		{1F9DDDBA-5E00-4485-9F20-C3887FE9DFB3}.Debug|Any CPU.Build.0 = Debug|Any CPU
		{1F9DDDBA-5E00-4485-9F20-C3887FE9DFB3}.Release|Any CPU.ActiveCfg = Release|Any CPU
		{1F9DDDBA-5E00-4485-9F20-C3887FE9DFB3}.Release|Any CPU.Build.0 = Release|Any CPU
		{55FE78A1-33E8-4437-B468-F0B59CC59491}.Debug|Any CPU.ActiveCfg = Debug|Any CPU
		{55FE78A1-33E8-4437-B468-F0B59CC59491}.Debug|Any CPU.Build.0 = Debug|Any CPU
		{55FE78A1-33E8-4437-B468-F0B59CC59491}.Release|Any CPU.ActiveCfg = Release|Any CPU
		{55FE78A1-33E8-4437-B468-F0B59CC59491}.Release|Any CPU.Build.0 = Release|Any CPU
		{F847D20D-ACB3-48E1-BB56-7B02F96C877B}.Debug|Any CPU.ActiveCfg = Debug|Any CPU
		{F847D20D-ACB3-48E1-BB56-7B02F96C877B}.Debug|Any CPU.Build.0 = Debug|Any CPU
		{F847D20D-ACB3-48E1-BB56-7B02F96C877B}.Release|Any CPU.ActiveCfg = Release|Any CPU
		{F847D20D-ACB3-48E1-BB56-7B02F96C877B}.Release|Any CPU.Build.0 = Release|Any CPU
	EndGlobalSection
	GlobalSection(SolutionProperties) = preSolution
		HideSolutionNode = FALSE
	EndGlobalSection
	GlobalSection(NestedProjects) = preSolution
		{CD7F991F-9C81-45A7-A2BB-91F006008DC4} = {F3C46152-CC5A-4159-B7F7-78F6B91D38AE}
		{C764282F-BB4B-4C7C-86BB-ADAFA7943820} = {F3C46152-CC5A-4159-B7F7-78F6B91D38AE}
		{C96ACD16-EFDA-4EF8-A6F0-E773AC8BC1FD} = {E91852A4-61CB-43A8-864D-19BD5B254965}
		{1C3F6849-69AF-4E88-A553-EF48EE274CFB} = {E91852A4-61CB-43A8-864D-19BD5B254965}
		{7B61A500-C23F-42A3-81A3-630240C3FB39} = {E91852A4-61CB-43A8-864D-19BD5B254965}
		{40640251-7DCB-440B-8AF5-3FF8323AEFC1} = {E91852A4-61CB-43A8-864D-19BD5B254965}
		{1F9DDDBA-5E00-4485-9F20-C3887FE9DFB3} = {AE656AC3-E11F-45CC-A256-982EBAFA2178}
		{55FE78A1-33E8-4437-B468-F0B59CC59491} = {AE656AC3-E11F-45CC-A256-982EBAFA2178}
		{F847D20D-ACB3-48E1-BB56-7B02F96C877B} = {7E103904-1B81-4B02-866A-5F8FB9998FAE}
	EndGlobalSection
	GlobalSection(ExtensibilityGlobals) = postSolution
		SolutionGuid = {A79C86F7-A641-4643-860C-5E7149D43E97}
	EndGlobalSection
EndGlobal
